
Microsoft Visual Studio Solution File, Format Version 12.00
# Visual Studio Version 17
VisualStudioVersion = 17.0.32002.185
MinimumVisualStudioVersion = 10.0.40219.1
Project("{9A19103F-16F7-4668-BE54-9A1E7A4F7556}") = "Zad1", "Lab11\Zad1.csproj", "{B72F46BF-BFBA-4602-AF97-4F958E5AE42E}"
EndProject
Project("{9A19103F-16F7-4668-BE54-9A1E7A4F7556}") = "Zad2", "Zad2\Zad2.csproj", "{D0E500D0-7E8B-416D-900A-D6A239E14B5B}"
EndProject
Project("{9A19103F-16F7-4668-BE54-9A1E7A4F7556}") = "Zad3", "Zad3\Zad3.csproj", "{C44DE326-514F-4E6D-B689-46254E6C556C}"
EndProject
Project("{9A19103F-16F7-4668-BE54-9A1E7A4F7556}") = "Zad4", "Zad4\Zad4.csproj", "{92E939E0-1D40-40B4-8FA8-A0AD1B69E6B1}"
EndProject
Project("{9A19103F-16F7-4668-BE54-9A1E7A4F7556}") = "Zad5", "Zad5\Zad5.csproj", "{B5CDFD24-8DA9-48D0-9156-49F4264144DB}"
EndProject
Project("{9A19103F-16F7-4668-BE54-9A1E7A4F7556}") = "Zad6", "Zad6\Zad6.csproj", "{09373DAB-BF7B-4073-BE0A-4A509F99E509}"
EndProject
Project("{9A19103F-16F7-4668-BE54-9A1E7A4F7556}") = "Zad7", "Zad7\Zad7.csproj", "{52C0E5B8-8045-418B-B9BB-F0A9C9328F0C}"
EndProject
Project("{9A19103F-16F7-4668-BE54-9A1E7A4F7556}") = "Zad8", "Zad8\Zad8.csproj", "{2DA53BBB-1A4F-49FF-B129-5A92084655B9}"
EndProject
Project("{9A19103F-16F7-4668-BE54-9A1E7A4F7556}") = "Zad9", "Zad9\Zad9.csproj", "{D27A081F-252D-4C68-9E7B-3534AF8998E3}"
EndProject
Project("{9A19103F-16F7-4668-BE54-9A1E7A4F7556}") = "Zad11", "Zad11\Zad11.csproj", "{402C81FE-C8E5-41DC-8865-C4C5C1A99524}"
EndProject
Project("{9A19103F-16F7-4668-BE54-9A1E7A4F7556}") = "Zad12", "Zad12\Zad12.csproj", "{23D158B4-F683-4FB9-AFDF-E38DAAB35450}"
EndProject
Project("{9A19103F-16F7-4668-BE54-9A1E7A4F7556}") = "Zad13", "Zad13\Zad13.csproj", "{866976CC-07C8-40EE-B995-9815BB05F70F}"
EndProject
Project("{9A19103F-16F7-4668-BE54-9A1E7A4F7556}") = "Zad23", "Zad23\Zad23.csproj", "{DAD73973-5BD4-44ED-B669-B0F462A3BFE4}"
EndProject
Project("{9A19103F-16F7-4668-BE54-9A1E7A4F7556}") = "Zad14", "Zad14\Zad14.csproj", "{B90BF6EC-6A4C-4BBC-8359-F5B61B5B9187}"
EndProject
Project("{9A19103F-16F7-4668-BE54-9A1E7A4F7556}") = "Zad15", "Zad15\Zad15.csproj", "{F68D9482-F5EC-43BC-823D-2A16CE244FAA}"
EndProject
Project("{9A19103F-16F7-4668-BE54-9A1E7A4F7556}") = "Zad16", "Zad16\Zad16.csproj", "{FDD3131F-A2E7-46E6-9BFC-C31594A17828}"
EndProject
Project("{9A19103F-16F7-4668-BE54-9A1E7A4F7556}") = "Zad17", "Zad17\Zad17.csproj", "{BC653482-9589-42CE-A4AC-BB1442EFCD85}"
EndProject
Project("{9A19103F-16F7-4668-BE54-9A1E7A4F7556}") = "Zad18", "Zad18\Zad18.csproj", "{3A3D45CC-1CC1-47B5-8ADB-79485DE5A6E1}"
EndProject
Project("{9A19103F-16F7-4668-BE54-9A1E7A4F7556}") = "Zad19", "Zad19\Zad19.csproj", "{02671159-E4DB-4FC1-9D30-4E69FA873446}"
EndProject
Project("{9A19103F-16F7-4668-BE54-9A1E7A4F7556}") = "Zad20", "Zad20\Zad20.csproj", "{53BF4D93-7915-4E2B-AE15-5E6352B9CA90}"
EndProject
Project("{9A19103F-16F7-4668-BE54-9A1E7A4F7556}") = "Zad21", "Zad21\Zad21.csproj", "{CA15BCCC-763A-47A0-87A6-E133ACF9FC6F}"
EndProject
Project("{9A19103F-16F7-4668-BE54-9A1E7A4F7556}") = "Zad22", "Zad22\Zad22.csproj", "{DCB00F09-5321-41D2-81B3-A50FEF125AF4}"
EndProject
Project("{FAE04EC0-301F-11D3-BF4B-00C04F79EFBC}") = "Zad24", "Zad24\Zad24.csproj", "{CA70B725-AE82-44F8-A28D-4B0EE5995ACA}"
EndProject
Global
	GlobalSection(SolutionConfigurationPlatforms) = preSolution
		Debug|Any CPU = Debug|Any CPU
		Release|Any CPU = Release|Any CPU
	EndGlobalSection
	GlobalSection(ProjectConfigurationPlatforms) = postSolution
		{B72F46BF-BFBA-4602-AF97-4F958E5AE42E}.Debug|Any CPU.ActiveCfg = Debug|Any CPU
		{B72F46BF-BFBA-4602-AF97-4F958E5AE42E}.Debug|Any CPU.Build.0 = Debug|Any CPU
		{B72F46BF-BFBA-4602-AF97-4F958E5AE42E}.Release|Any CPU.ActiveCfg = Release|Any CPU
		{B72F46BF-BFBA-4602-AF97-4F958E5AE42E}.Release|Any CPU.Build.0 = Release|Any CPU
		{D0E500D0-7E8B-416D-900A-D6A239E14B5B}.Debug|Any CPU.ActiveCfg = Debug|Any CPU
		{D0E500D0-7E8B-416D-900A-D6A239E14B5B}.Debug|Any CPU.Build.0 = Debug|Any CPU
		{D0E500D0-7E8B-416D-900A-D6A239E14B5B}.Release|Any CPU.ActiveCfg = Release|Any CPU
		{D0E500D0-7E8B-416D-900A-D6A239E14B5B}.Release|Any CPU.Build.0 = Release|Any CPU
		{C44DE326-514F-4E6D-B689-46254E6C556C}.Debug|Any CPU.ActiveCfg = Debug|Any CPU
		{C44DE326-514F-4E6D-B689-46254E6C556C}.Debug|Any CPU.Build.0 = Debug|Any CPU
		{C44DE326-514F-4E6D-B689-46254E6C556C}.Release|Any CPU.ActiveCfg = Release|Any CPU
		{C44DE326-514F-4E6D-B689-46254E6C556C}.Release|Any CPU.Build.0 = Release|Any CPU
		{92E939E0-1D40-40B4-8FA8-A0AD1B69E6B1}.Debug|Any CPU.ActiveCfg = Debug|Any CPU
		{92E939E0-1D40-40B4-8FA8-A0AD1B69E6B1}.Debug|Any CPU.Build.0 = Debug|Any CPU
		{92E939E0-1D40-40B4-8FA8-A0AD1B69E6B1}.Release|Any CPU.ActiveCfg = Release|Any CPU
		{92E939E0-1D40-40B4-8FA8-A0AD1B69E6B1}.Release|Any CPU.Build.0 = Release|Any CPU
		{B5CDFD24-8DA9-48D0-9156-49F4264144DB}.Debug|Any CPU.ActiveCfg = Debug|Any CPU
		{B5CDFD24-8DA9-48D0-9156-49F4264144DB}.Debug|Any CPU.Build.0 = Debug|Any CPU
		{B5CDFD24-8DA9-48D0-9156-49F4264144DB}.Release|Any CPU.ActiveCfg = Release|Any CPU
		{B5CDFD24-8DA9-48D0-9156-49F4264144DB}.Release|Any CPU.Build.0 = Release|Any CPU
		{09373DAB-BF7B-4073-BE0A-4A509F99E509}.Debug|Any CPU.ActiveCfg = Debug|Any CPU
		{09373DAB-BF7B-4073-BE0A-4A509F99E509}.Debug|Any CPU.Build.0 = Debug|Any CPU
		{09373DAB-BF7B-4073-BE0A-4A509F99E509}.Release|Any CPU.ActiveCfg = Release|Any CPU
		{09373DAB-BF7B-4073-BE0A-4A509F99E509}.Release|Any CPU.Build.0 = Release|Any CPU
		{52C0E5B8-8045-418B-B9BB-F0A9C9328F0C}.Debug|Any CPU.ActiveCfg = Debug|Any CPU
		{52C0E5B8-8045-418B-B9BB-F0A9C9328F0C}.Debug|Any CPU.Build.0 = Debug|Any CPU
		{52C0E5B8-8045-418B-B9BB-F0A9C9328F0C}.Release|Any CPU.ActiveCfg = Release|Any CPU
		{52C0E5B8-8045-418B-B9BB-F0A9C9328F0C}.Release|Any CPU.Build.0 = Release|Any CPU
		{2DA53BBB-1A4F-49FF-B129-5A92084655B9}.Debug|Any CPU.ActiveCfg = Debug|Any CPU
		{2DA53BBB-1A4F-49FF-B129-5A92084655B9}.Debug|Any CPU.Build.0 = Debug|Any CPU
		{2DA53BBB-1A4F-49FF-B129-5A92084655B9}.Release|Any CPU.ActiveCfg = Release|Any CPU
		{2DA53BBB-1A4F-49FF-B129-5A92084655B9}.Release|Any CPU.Build.0 = Release|Any CPU
		{D27A081F-252D-4C68-9E7B-3534AF8998E3}.Debug|Any CPU.ActiveCfg = Debug|Any CPU
		{D27A081F-252D-4C68-9E7B-3534AF8998E3}.Debug|Any CPU.Build.0 = Debug|Any CPU
		{D27A081F-252D-4C68-9E7B-3534AF8998E3}.Release|Any CPU.ActiveCfg = Release|Any CPU
		{D27A081F-252D-4C68-9E7B-3534AF8998E3}.Release|Any CPU.Build.0 = Release|Any CPU
		{402C81FE-C8E5-41DC-8865-C4C5C1A99524}.Debug|Any CPU.ActiveCfg = Debug|Any CPU
		{402C81FE-C8E5-41DC-8865-C4C5C1A99524}.Debug|Any CPU.Build.0 = Debug|Any CPU
		{402C81FE-C8E5-41DC-8865-C4C5C1A99524}.Release|Any CPU.ActiveCfg = Release|Any CPU
		{402C81FE-C8E5-41DC-8865-C4C5C1A99524}.Release|Any CPU.Build.0 = Release|Any CPU
		{23D158B4-F683-4FB9-AFDF-E38DAAB35450}.Debug|Any CPU.ActiveCfg = Debug|Any CPU
		{23D158B4-F683-4FB9-AFDF-E38DAAB35450}.Debug|Any CPU.Build.0 = Debug|Any CPU
		{23D158B4-F683-4FB9-AFDF-E38DAAB35450}.Release|Any CPU.ActiveCfg = Release|Any CPU
		{23D158B4-F683-4FB9-AFDF-E38DAAB35450}.Release|Any CPU.Build.0 = Release|Any CPU
		{866976CC-07C8-40EE-B995-9815BB05F70F}.Debug|Any CPU.ActiveCfg = Debug|Any CPU
		{866976CC-07C8-40EE-B995-9815BB05F70F}.Debug|Any CPU.Build.0 = Debug|Any CPU
		{866976CC-07C8-40EE-B995-9815BB05F70F}.Release|Any CPU.ActiveCfg = Release|Any CPU
		{866976CC-07C8-40EE-B995-9815BB05F70F}.Release|Any CPU.Build.0 = Release|Any CPU
		{DAD73973-5BD4-44ED-B669-B0F462A3BFE4}.Debug|Any CPU.ActiveCfg = Debug|Any CPU
		{DAD73973-5BD4-44ED-B669-B0F462A3BFE4}.Debug|Any CPU.Build.0 = Debug|Any CPU
		{DAD73973-5BD4-44ED-B669-B0F462A3BFE4}.Release|Any CPU.ActiveCfg = Release|Any CPU
		{DAD73973-5BD4-44ED-B669-B0F462A3BFE4}.Release|Any CPU.Build.0 = Release|Any CPU
		{B90BF6EC-6A4C-4BBC-8359-F5B61B5B9187}.Debug|Any CPU.ActiveCfg = Debug|Any CPU
		{B90BF6EC-6A4C-4BBC-8359-F5B61B5B9187}.Debug|Any CPU.Build.0 = Debug|Any CPU
		{B90BF6EC-6A4C-4BBC-8359-F5B61B5B9187}.Release|Any CPU.ActiveCfg = Release|Any CPU
		{B90BF6EC-6A4C-4BBC-8359-F5B61B5B9187}.Release|Any CPU.Build.0 = Release|Any CPU
		{F68D9482-F5EC-43BC-823D-2A16CE244FAA}.Debug|Any CPU.ActiveCfg = Debug|Any CPU
		{F68D9482-F5EC-43BC-823D-2A16CE244FAA}.Debug|Any CPU.Build.0 = Debug|Any CPU
		{F68D9482-F5EC-43BC-823D-2A16CE244FAA}.Release|Any CPU.ActiveCfg = Release|Any CPU
		{F68D9482-F5EC-43BC-823D-2A16CE244FAA}.Release|Any CPU.Build.0 = Release|Any CPU
		{FDD3131F-A2E7-46E6-9BFC-C31594A17828}.Debug|Any CPU.ActiveCfg = Debug|Any CPU
		{FDD3131F-A2E7-46E6-9BFC-C31594A17828}.Debug|Any CPU.Build.0 = Debug|Any CPU
		{FDD3131F-A2E7-46E6-9BFC-C31594A17828}.Release|Any CPU.ActiveCfg = Release|Any CPU
		{FDD3131F-A2E7-46E6-9BFC-C31594A17828}.Release|Any CPU.Build.0 = Release|Any CPU
		{BC653482-9589-42CE-A4AC-BB1442EFCD85}.Debug|Any CPU.ActiveCfg = Debug|Any CPU
		{BC653482-9589-42CE-A4AC-BB1442EFCD85}.Debug|Any CPU.Build.0 = Debug|Any CPU
		{BC653482-9589-42CE-A4AC-BB1442EFCD85}.Release|Any CPU.ActiveCfg = Release|Any CPU
		{BC653482-9589-42CE-A4AC-BB1442EFCD85}.Release|Any CPU.Build.0 = Release|Any CPU
		{3A3D45CC-1CC1-47B5-8ADB-79485DE5A6E1}.Debug|Any CPU.ActiveCfg = Debug|Any CPU
		{3A3D45CC-1CC1-47B5-8ADB-79485DE5A6E1}.Debug|Any CPU.Build.0 = Debug|Any CPU
		{3A3D45CC-1CC1-47B5-8ADB-79485DE5A6E1}.Release|Any CPU.ActiveCfg = Release|Any CPU
		{3A3D45CC-1CC1-47B5-8ADB-79485DE5A6E1}.Release|Any CPU.Build.0 = Release|Any CPU
		{02671159-E4DB-4FC1-9D30-4E69FA873446}.Debug|Any CPU.ActiveCfg = Debug|Any CPU
		{02671159-E4DB-4FC1-9D30-4E69FA873446}.Debug|Any CPU.Build.0 = Debug|Any CPU
		{02671159-E4DB-4FC1-9D30-4E69FA873446}.Release|Any CPU.ActiveCfg = Release|Any CPU
		{02671159-E4DB-4FC1-9D30-4E69FA873446}.Release|Any CPU.Build.0 = Release|Any CPU
		{53BF4D93-7915-4E2B-AE15-5E6352B9CA90}.Debug|Any CPU.ActiveCfg = Debug|Any CPU
		{53BF4D93-7915-4E2B-AE15-5E6352B9CA90}.Debug|Any CPU.Build.0 = Debug|Any CPU
		{53BF4D93-7915-4E2B-AE15-5E6352B9CA90}.Release|Any CPU.ActiveCfg = Release|Any CPU
		{53BF4D93-7915-4E2B-AE15-5E6352B9CA90}.Release|Any CPU.Build.0 = Release|Any CPU
		{CA15BCCC-763A-47A0-87A6-E133ACF9FC6F}.Debug|Any CPU.ActiveCfg = Debug|Any CPU
		{CA15BCCC-763A-47A0-87A6-E133ACF9FC6F}.Debug|Any CPU.Build.0 = Debug|Any CPU
		{CA15BCCC-763A-47A0-87A6-E133ACF9FC6F}.Release|Any CPU.ActiveCfg = Release|Any CPU
		{CA15BCCC-763A-47A0-87A6-E133ACF9FC6F}.Release|Any CPU.Build.0 = Release|Any CPU
		{DCB00F09-5321-41D2-81B3-A50FEF125AF4}.Debug|Any CPU.ActiveCfg = Debug|Any CPU
		{DCB00F09-5321-41D2-81B3-A50FEF125AF4}.Debug|Any CPU.Build.0 = Debug|Any CPU
		{DCB00F09-5321-41D2-81B3-A50FEF125AF4}.Release|Any CPU.ActiveCfg = Release|Any CPU
		{DCB00F09-5321-41D2-81B3-A50FEF125AF4}.Release|Any CPU.Build.0 = Release|Any CPU
		{CA70B725-AE82-44F8-A28D-4B0EE5995ACA}.Debug|Any CPU.ActiveCfg = Debug|Any CPU
		{CA70B725-AE82-44F8-A28D-4B0EE5995ACA}.Debug|Any CPU.Build.0 = Debug|Any CPU
		{CA70B725-AE82-44F8-A28D-4B0EE5995ACA}.Release|Any CPU.ActiveCfg = Release|Any CPU
		{CA70B725-AE82-44F8-A28D-4B0EE5995ACA}.Release|Any CPU.Build.0 = Release|Any CPU
	EndGlobalSection
	GlobalSection(SolutionProperties) = preSolution
		HideSolutionNode = FALSE
	EndGlobalSection
	GlobalSection(ExtensibilityGlobals) = postSolution
		SolutionGuid = {C95D62AB-45D9-417B-9CBE-05CBD3C013FB}
	EndGlobalSection
EndGlobal
